
Microsoft Visual Studio Solution File, Format Version 12.00
# Visual Studio Version 16
VisualStudioVersion = 16.0.31729.503
MinimumVisualStudioVersion = 10.0.40219.1
Project("{FAE04EC0-301F-11D3-BF4B-00C04F79EFBC}") = "Lab4_4", "Lab4_4\Lab4_4.csproj", "{5F6D2A6D-5E9B-40CB-92FE-34E5FFEA935D}"
EndProject
Global
	GlobalSection(SolutionConfigurationPlatforms) = preSolution
		Debug|Any CPU = Debug|Any CPU
		Release|Any CPU = Release|Any CPU
	EndGlobalSection
	GlobalSection(ProjectConfigurationPlatforms) = postSolution
		{5F6D2A6D-5E9B-40CB-92FE-34E5FFEA935D}.Debug|Any CPU.ActiveCfg = Debug|Any CPU
		{5F6D2A6D-5E9B-40CB-92FE-34E5FFEA935D}.Debug|Any CPU.Build.0 = Debug|Any CPU
		{5F6D2A6D-5E9B-40CB-92FE-34E5FFEA935D}.Release|Any CPU.ActiveCfg = Release|Any CPU
		{5F6D2A6D-5E9B-40CB-92FE-34E5FFEA935D}.Release|Any CPU.Build.0 = Release|Any CPU
	EndGlobalSection
	GlobalSection(SolutionProperties) = preSolution
		HideSolutionNode = FALSE
	EndGlobalSection
	GlobalSection(ExtensibilityGlobals) = postSolution
		SolutionGuid = {7DAEDC99-C83E-40F8-B357-6D24804DCB61}
	EndGlobalSection
EndGlobal
